{
  "name": "ecowitt-weather-hubitat-dashboard",
  "version": "1.0.0",
  "lockfileVersion": 3,
  "requires": true,
  "packages": {
    "": {
      "name": "ecowitt-weather-hubitat-dashboard",
      "version": "1.0.0",
      "devDependencies": {
        "esbuild": "file:vendor/esbuild-stub",
        "jsdom": "file:vendor/jsdom-stub"
      }
    },
    "node_modules/esbuild": {
      "resolved": "vendor/esbuild-stub",
      "link": true
    },
    "node_modules/jsdom": {
      "resolved": "vendor/jsdom-stub",
      "link": true
    },
    "vendor/esbuild-stub": {
      "name": "esbuild",
      "version": "0.25.11",
      "dev": true
    },
    "vendor/jsdom-stub": {
      "name": "jsdom",
      "version": "0.0.0-stub",
      "dev": true
    }
  }
}
