{
  "name": "hubitat-weather-dashboard",
  "version": "1.0.0",
  "lockfileVersion": 3,
  "requires": true,
  "packages": {
    "": {
      "name": "hubitat-weather-dashboard",
      "version": "1.0.0",
      "devDependencies": {
        "esbuild": "file:vendor/esbuild-stub",
        "jest": "file:vendor/jest-stub",
        "jest-environment-jsdom": "file:vendor/jest-environment-jsdom-stub",
        "jsdom": "file:vendor/jsdom-stub"
      }
    },
    "node_modules/esbuild": {
      "resolved": "vendor/esbuild-stub",
      "link": true
    },
    "node_modules/jest": {
      "resolved": "vendor/jest-stub",
      "link": true
    },
    "node_modules/jest-environment-jsdom": {
      "resolved": "vendor/jest-environment-jsdom-stub",
      "link": true
    },
    "node_modules/jsdom": {
      "resolved": "vendor/jsdom-stub",
      "link": true
    },
    "vendor/esbuild-stub": {
      "name": "esbuild",
      "version": "0.25.11",
      "dev": true
    },
    "vendor/jest-environment-jsdom-stub": {
      "name": "jest-environment-jsdom",
      "version": "0.0.0-stub",
      "dev": true
    },
    "vendor/jest-stub": {
      "name": "jest",
      "version": "0.0.0-stub",
      "dev": true,
      "bin": {
        "jest": "bin/jest.js"
      }
    },
    "vendor/jsdom-stub": {
      "name": "jsdom",
      "version": "0.0.0-stub",
      "dev": true
    }
  }
}
